// !$*UTF8*$!
{
	archiveVersion = 1;
	classes = {
	};
	objectVersion = 50;
	objects = {

/* Begin PBXBuildFile section */
		2FC2EC1820F83DDF00A446DC /* ExtrasViewController.swift in Sources */ = {isa = PBXBuildFile; fileRef = 2FC2EC1720F83DDF00A446DC /* ExtrasViewController.swift */; };
		2FC2EC1A20F9057100A446DC /* SoundsTableViewController.swift in Sources */ = {isa = PBXBuildFile; fileRef = 2FC2EC1920F9057100A446DC /* SoundsTableViewController.swift */; };
		2FC2EC1C20F9219900A446DC /* SoundEffectCell.swift in Sources */ = {isa = PBXBuildFile; fileRef = 2FC2EC1B20F9219900A446DC /* SoundEffectCell.swift */; };
		2FC2EC1E20F9258600A446DC /* SoundEffect.swift in Sources */ = {isa = PBXBuildFile; fileRef = 2FC2EC1D20F9258600A446DC /* SoundEffect.swift */; };
		2FC2EC2020F9630D00A446DC /* SoundData.swift in Sources */ = {isa = PBXBuildFile; fileRef = 2FC2EC1F20F9630D00A446DC /* SoundData.swift */; };
		2FC2EC2D20F96DC500A446DC /* car-alarm.mp3 in Resources */ = {isa = PBXBuildFile; fileRef = 2FC2EC2120F96DC300A446DC /* car-alarm.mp3 */; };
		2FC2EC2E20F96DC500A446DC /* baby-cry.mp3 in Resources */ = {isa = PBXBuildFile; fileRef = 2FC2EC2220F96DC300A446DC /* baby-cry.mp3 */; };
		2FC2EC2F20F96DC500A446DC /* fork-glass.mp3 in Resources */ = {isa = PBXBuildFile; fileRef = 2FC2EC2320F96DC400A446DC /* fork-glass.mp3 */; };
		2FC2EC3020F96DC500A446DC /* birds.mp3 in Resources */ = {isa = PBXBuildFile; fileRef = 2FC2EC2420F96DC400A446DC /* birds.mp3 */; };
		2FC2EC3120F96DC500A446DC /* wtf.mp3 in Resources */ = {isa = PBXBuildFile; fileRef = 2FC2EC2520F96DC400A446DC /* wtf.mp3 */; };
		2FC2EC3220F96DC500A446DC /* goat.mp3 in Resources */ = {isa = PBXBuildFile; fileRef = 2FC2EC2620F96DC400A446DC /* goat.mp3 */; };
		2FC2EC3320F96DC500A446DC /* nails-chalkboard.mp3 in Resources */ = {isa = PBXBuildFile; fileRef = 2FC2EC2720F96DC400A446DC /* nails-chalkboard.mp3 */; };
		2FC2EC3420F96DC500A446DC /* dog-bark.mp3 in Resources */ = {isa = PBXBuildFile; fileRef = 2FC2EC2820F96DC400A446DC /* dog-bark.mp3 */; };
		2FC2EC3520F96DC500A446DC /* siren.mp3 in Resources */ = {isa = PBXBuildFile; fileRef = 2FC2EC2920F96DC400A446DC /* siren.mp3 */; };
		2FC2EC3620F96DC500A446DC /* alarm-clock.mp3 in Resources */ = {isa = PBXBuildFile; fileRef = 2FC2EC2A20F96DC500A446DC /* alarm-clock.mp3 */; };
		2FC2EC3720F96DC500A446DC /* ebs.mp3 in Resources */ = {isa = PBXBuildFile; fileRef = 2FC2EC2B20F96DC500A446DC /* ebs.mp3 */; };
		2FC2EC3820F96DC500A446DC /* dialup.mp3 in Resources */ = {isa = PBXBuildFile; fileRef = 2FC2EC2C20F96DC500A446DC /* dialup.mp3 */; };
		2FC2EC3A20FACDB900A446DC /* LaunchScreen.swift in Sources */ = {isa = PBXBuildFile; fileRef = 2FC2EC3920FACDB900A446DC /* LaunchScreen.swift */; };
		2FC2EC3C20FAED4500A446DC /* AboutTableViewController.swift in Sources */ = {isa = PBXBuildFile; fileRef = 2FC2EC3B20FAED4500A446DC /* AboutTableViewController.swift */; };
		2FC2EC3E20FBA82E00A446DC /* AVTonePlayerUnit.swift in Sources */ = {isa = PBXBuildFile; fileRef = 2FC2EC3D20FBA82E00A446DC /* AVTonePlayerUnit.swift */; };
		2FC2EC4020FBB26D00A446DC /* SwiftySound.swift in Sources */ = {isa = PBXBuildFile; fileRef = 2FC2EC3F20FBB26D00A446DC /* SwiftySound.swift */; };
		2FD968E720F55DAD00379407 /* AppDelegate.swift in Sources */ = {isa = PBXBuildFile; fileRef = 2FD968E620F55DAD00379407 /* AppDelegate.swift */; };
		2FD968E920F55DAD00379407 /* ViewController.swift in Sources */ = {isa = PBXBuildFile; fileRef = 2FD968E820F55DAD00379407 /* ViewController.swift */; };
		2FD968EC20F55DAD00379407 /* Main.storyboard in Resources */ = {isa = PBXBuildFile; fileRef = 2FD968EA20F55DAD00379407 /* Main.storyboard */; };
		2FD968EE20F55DAF00379407 /* Assets.xcassets in Resources */ = {isa = PBXBuildFile; fileRef = 2FD968ED20F55DAF00379407 /* Assets.xcassets */; };
		2FD968F120F55DAF00379407 /* LaunchScreen.storyboard in Resources */ = {isa = PBXBuildFile; fileRef = 2FD968EF20F55DAF00379407 /* LaunchScreen.storyboard */; };
		2FD968F920F6D00000379407 /* VoicesTableViewController.swift in Sources */ = {isa = PBXBuildFile; fileRef = 2FD968F820F6D00000379407 /* VoicesTableViewController.swift */; };
		2FD968FC20F6DA7800379407 /* AVFoundation.framework in Frameworks */ = {isa = PBXBuildFile; fileRef = 2FD968FB20F6DA7800379407 /* AVFoundation.framework */; };
		2FD9690820F7BDFD00379407 /* CrackedScreen.swift in Sources */ = {isa = PBXBuildFile; fileRef = 2FD9690720F7BDFD00379407 /* CrackedScreen.swift */; };
		2FD9690A20F7DD0600379407 /* SettingsViewController.swift in Sources */ = {isa = PBXBuildFile; fileRef = 2FD9690920F7DD0600379407 /* SettingsViewController.swift */; };
/* End PBXBuildFile section */

/* Begin PBXFileReference section */
		2FC2EC1720F83DDF00A446DC /* ExtrasViewController.swift */ = {isa = PBXFileReference; lastKnownFileType = sourcecode.swift; path = ExtrasViewController.swift; sourceTree = "<group>"; };
		2FC2EC1920F9057100A446DC /* SoundsTableViewController.swift */ = {isa = PBXFileReference; lastKnownFileType = sourcecode.swift; path = SoundsTableViewController.swift; sourceTree = "<group>"; };
		2FC2EC1B20F9219900A446DC /* SoundEffectCell.swift */ = {isa = PBXFileReference; lastKnownFileType = sourcecode.swift; path = SoundEffectCell.swift; sourceTree = "<group>"; };
		2FC2EC1D20F9258600A446DC /* SoundEffect.swift */ = {isa = PBXFileReference; lastKnownFileType = sourcecode.swift; path = SoundEffect.swift; sourceTree = "<group>"; };
		2FC2EC1F20F9630D00A446DC /* SoundData.swift */ = {isa = PBXFileReference; lastKnownFileType = sourcecode.swift; path = SoundData.swift; sourceTree = "<group>"; };
		2FC2EC2120F96DC300A446DC /* car-alarm.mp3 */ = {isa = PBXFileReference; lastKnownFileType = audio.mp3; path = "car-alarm.mp3"; sourceTree = "<group>"; };
		2FC2EC2220F96DC300A446DC /* baby-cry.mp3 */ = {isa = PBXFileReference; lastKnownFileType = audio.mp3; path = "baby-cry.mp3"; sourceTree = "<group>"; };
		2FC2EC2320F96DC400A446DC /* fork-glass.mp3 */ = {isa = PBXFileReference; lastKnownFileType = audio.mp3; path = "fork-glass.mp3"; sourceTree = "<group>"; };
		2FC2EC2420F96DC400A446DC /* birds.mp3 */ = {isa = PBXFileReference; lastKnownFileType = audio.mp3; path = birds.mp3; sourceTree = "<group>"; };
		2FC2EC2520F96DC400A446DC /* wtf.mp3 */ = {isa = PBXFileReference; lastKnownFileType = audio.mp3; path = wtf.mp3; sourceTree = "<group>"; };
		2FC2EC2620F96DC400A446DC /* goat.mp3 */ = {isa = PBXFileReference; lastKnownFileType = audio.mp3; path = goat.mp3; sourceTree = "<group>"; };
		2FC2EC2720F96DC400A446DC /* nails-chalkboard.mp3 */ = {isa = PBXFileReference; lastKnownFileType = audio.mp3; path = "nails-chalkboard.mp3"; sourceTree = "<group>"; };
		2FC2EC2820F96DC400A446DC /* dog-bark.mp3 */ = {isa = PBXFileReference; lastKnownFileType = audio.mp3; path = "dog-bark.mp3"; sourceTree = "<group>"; };
		2FC2EC2920F96DC400A446DC /* siren.mp3 */ = {isa = PBXFileReference; lastKnownFileType = audio.mp3; path = siren.mp3; sourceTree = "<group>"; };
		2FC2EC2A20F96DC500A446DC /* alarm-clock.mp3 */ = {isa = PBXFileReference; lastKnownFileType = audio.mp3; path = "alarm-clock.mp3"; sourceTree = "<group>"; };
		2FC2EC2B20F96DC500A446DC /* ebs.mp3 */ = {isa = PBXFileReference; lastKnownFileType = audio.mp3; path = ebs.mp3; sourceTree = "<group>"; };
		2FC2EC2C20F96DC500A446DC /* dialup.mp3 */ = {isa = PBXFileReference; lastKnownFileType = audio.mp3; path = dialup.mp3; sourceTree = "<group>"; };
		2FC2EC3920FACDB900A446DC /* LaunchScreen.swift */ = {isa = PBXFileReference; lastKnownFileType = sourcecode.swift; path = LaunchScreen.swift; sourceTree = "<group>"; };
		2FC2EC3B20FAED4500A446DC /* AboutTableViewController.swift */ = {isa = PBXFileReference; lastKnownFileType = sourcecode.swift; path = AboutTableViewController.swift; sourceTree = "<group>"; };
		2FC2EC3D20FBA82E00A446DC /* AVTonePlayerUnit.swift */ = {isa = PBXFileReference; lastKnownFileType = sourcecode.swift; path = AVTonePlayerUnit.swift; sourceTree = "<group>"; };
		2FC2EC3F20FBB26D00A446DC /* SwiftySound.swift */ = {isa = PBXFileReference; lastKnownFileType = sourcecode.swift; path = SwiftySound.swift; sourceTree = "<group>"; };
		2FD968E320F55DAD00379407 /* Annoyer Mobile 2.app */ = {isa = PBXFileReference; explicitFileType = wrapper.application; includeInIndex = 0; path = "Annoyer Mobile 2.app"; sourceTree = BUILT_PRODUCTS_DIR; };
		2FD968E620F55DAD00379407 /* AppDelegate.swift */ = {isa = PBXFileReference; lastKnownFileType = sourcecode.swift; path = AppDelegate.swift; sourceTree = "<group>"; };
		2FD968E820F55DAD00379407 /* ViewController.swift */ = {isa = PBXFileReference; lastKnownFileType = sourcecode.swift; path = ViewController.swift; sourceTree = "<group>"; };
		2FD968EB20F55DAD00379407 /* Base */ = {isa = PBXFileReference; lastKnownFileType = file.storyboard; name = Base; path = Base.lproj/Main.storyboard; sourceTree = "<group>"; };
		2FD968ED20F55DAF00379407 /* Assets.xcassets */ = {isa = PBXFileReference; lastKnownFileType = folder.assetcatalog; path = Assets.xcassets; sourceTree = "<group>"; };
		2FD968F020F55DAF00379407 /* Base */ = {isa = PBXFileReference; lastKnownFileType = file.storyboard; name = Base; path = Base.lproj/LaunchScreen.storyboard; sourceTree = "<group>"; };
		2FD968F220F55DAF00379407 /* Info.plist */ = {isa = PBXFileReference; lastKnownFileType = text.plist.xml; path = Info.plist; sourceTree = "<group>"; };
		2FD968F820F6D00000379407 /* VoicesTableViewController.swift */ = {isa = PBXFileReference; lastKnownFileType = sourcecode.swift; path = VoicesTableViewController.swift; sourceTree = "<group>"; };
		2FD968FB20F6DA7800379407 /* AVFoundation.framework */ = {isa = PBXFileReference; lastKnownFileType = wrapper.framework; name = AVFoundation.framework; path = System/Library/Frameworks/AVFoundation.framework; sourceTree = SDKROOT; };
		2FD9690720F7BDFD00379407 /* CrackedScreen.swift */ = {isa = PBXFileReference; lastKnownFileType = sourcecode.swift; path = CrackedScreen.swift; sourceTree = "<group>"; };
		2FD9690920F7DD0600379407 /* SettingsViewController.swift */ = {isa = PBXFileReference; lastKnownFileType = sourcecode.swift; path = SettingsViewController.swift; sourceTree = "<group>"; };
/* End PBXFileReference section */

/* Begin PBXFrameworksBuildPhase section */
		2FD968E020F55DAD00379407 /* Frameworks */ = {
			isa = PBXFrameworksBuildPhase;
			buildActionMask = 2147483647;
			files = (
				2FD968FC20F6DA7800379407 /* AVFoundation.framework in Frameworks */,
			);
			runOnlyForDeploymentPostprocessing = 0;
		};
/* End PBXFrameworksBuildPhase section */

/* Begin PBXGroup section */
		2F4FBE7220FEC6CE001BFF02 /* Settings */ = {
			isa = PBXGroup;
			children = (
				2FD9690920F7DD0600379407 /* SettingsViewController.swift */,
				2FC2EC3B20FAED4500A446DC /* AboutTableViewController.swift */,
			);
			name = Settings;
			sourceTree = "<group>";
		};
		2FB2F4CD20FEC58A0058921E /* SoundEffects */ = {
			isa = PBXGroup;
			children = (
				2FC2EC1920F9057100A446DC /* SoundsTableViewController.swift */,
				2FC2EC1F20F9630D00A446DC /* SoundData.swift */,
				2FC2EC1B20F9219900A446DC /* SoundEffectCell.swift */,
				2FC2EC1D20F9258600A446DC /* SoundEffect.swift */,
				2FC2EC3F20FBB26D00A446DC /* SwiftySound.swift */,
				2FC2EC2A20F96DC500A446DC /* alarm-clock.mp3 */,
				2FC2EC2220F96DC300A446DC /* baby-cry.mp3 */,
				2FC2EC2420F96DC400A446DC /* birds.mp3 */,
				2FC2EC2120F96DC300A446DC /* car-alarm.mp3 */,
				2FC2EC2C20F96DC500A446DC /* dialup.mp3 */,
				2FC2EC2820F96DC400A446DC /* dog-bark.mp3 */,
				2FC2EC2B20F96DC500A446DC /* ebs.mp3 */,
				2FC2EC2320F96DC400A446DC /* fork-glass.mp3 */,
				2FC2EC2620F96DC400A446DC /* goat.mp3 */,
				2FC2EC2720F96DC400A446DC /* nails-chalkboard.mp3 */,
				2FC2EC2920F96DC400A446DC /* siren.mp3 */,
				2FC2EC2520F96DC400A446DC /* wtf.mp3 */,
			);
			name = SoundEffects;
			sourceTree = "<group>";
		};
		2FB2F4CF20FEC5DF0058921E /* MainPage */ = {
			isa = PBXGroup;
			children = (
				2FD968EF20F55DAF00379407 /* LaunchScreen.storyboard */,
				2FC2EC3920FACDB900A446DC /* LaunchScreen.swift */,
				2FC2EC3D20FBA82E00A446DC /* AVTonePlayerUnit.swift */,
				2FD968E820F55DAD00379407 /* ViewController.swift */,
				2FD968F820F6D00000379407 /* VoicesTableViewController.swift */,
			);
			name = MainPage;
			sourceTree = "<group>";
		};
		2FB2F4D020FEC6690058921E /* Extras */ = {
			isa = PBXGroup;
			children = (
				2FC2EC1720F83DDF00A446DC /* ExtrasViewController.swift */,
				2FD9690720F7BDFD00379407 /* CrackedScreen.swift */,
			);
			name = Extras;
			sourceTree = "<group>";
		};
		2FD968DA20F55DAD00379407 = {
			isa = PBXGroup;
			children = (
				2FD968E520F55DAD00379407 /* Annoyer Mobile 2 */,
				2FD968E420F55DAD00379407 /* Products */,
				2FD968FA20F6DA7800379407 /* Frameworks */,
			);
			sourceTree = "<group>";
		};
		2FD968E420F55DAD00379407 /* Products */ = {
			isa = PBXGroup;
			children = (
				2FD968E320F55DAD00379407 /* Annoyer Mobile 2.app */,
			);
			name = Products;
			sourceTree = "<group>";
		};
		2FD968E520F55DAD00379407 /* Annoyer Mobile 2 */ = {
			isa = PBXGroup;
			children = (
				2FD968EA20F55DAD00379407 /* Main.storyboard */,
				2FD968E620F55DAD00379407 /* AppDelegate.swift */,
				2FB2F4CF20FEC5DF0058921E /* MainPage */,
				2FB2F4CD20FEC58A0058921E /* SoundEffects */,
				2FB2F4D020FEC6690058921E /* Extras */,
				2F4FBE7220FEC6CE001BFF02 /* Settings */,
				2FD968ED20F55DAF00379407 /* Assets.xcassets */,
				2FD968F220F55DAF00379407 /* Info.plist */,
			);
			path = "Annoyer Mobile 2";
			sourceTree = "<group>";
		};
		2FD968FA20F6DA7800379407 /* Frameworks */ = {
			isa = PBXGroup;
			children = (
				2FD968FB20F6DA7800379407 /* AVFoundation.framework */,
			);
			name = Frameworks;
			sourceTree = "<group>";
		};
/* End PBXGroup section */

/* Begin PBXNativeTarget section */
		2FD968E220F55DAD00379407 /* Annoyer Mobile 2 */ = {
			isa = PBXNativeTarget;
			buildConfigurationList = 2FD968F520F55DAF00379407 /* Build configuration list for PBXNativeTarget "Annoyer Mobile 2" */;
			buildPhases = (
				2FD968DF20F55DAD00379407 /* Sources */,
				2FD968E020F55DAD00379407 /* Frameworks */,
				2FD968E120F55DAD00379407 /* Resources */,
			);
			buildRules = (
			);
			dependencies = (
			);
			name = "Annoyer Mobile 2";
			productName = "Annoyer Mobile 2";
			productReference = 2FD968E320F55DAD00379407 /* Annoyer Mobile 2.app */;
			productType = "com.apple.product-type.application";
		};
/* End PBXNativeTarget section */

/* Begin PBXProject section */
		2FD968DB20F55DAD00379407 /* Project object */ = {
			isa = PBXProject;
			attributes = {
				LastSwiftUpdateCheck = 0940;
				LastUpgradeCheck = 0940;
				ORGANIZATIONNAME = tyler58546;
				TargetAttributes = {
					2FD968E220F55DAD00379407 = {
						CreatedOnToolsVersion = 9.4;
					};
				};
			};
			buildConfigurationList = 2FD968DE20F55DAD00379407 /* Build configuration list for PBXProject "Annoyer Mobile 2" */;
			compatibilityVersion = "Xcode 9.3";
			developmentRegion = en;
			hasScannedForEncodings = 0;
			knownRegions = (
				en,
				Base,
			);
			mainGroup = 2FD968DA20F55DAD00379407;
			productRefGroup = 2FD968E420F55DAD00379407 /* Products */;
			projectDirPath = "";
			projectRoot = "";
			targets = (
				2FD968E220F55DAD00379407 /* Annoyer Mobile 2 */,
			);
		};
/* End PBXProject section */

/* Begin PBXResourcesBuildPhase section */
		2FD968E120F55DAD00379407 /* Resources */ = {
			isa = PBXResourcesBuildPhase;
			buildActionMask = 2147483647;
			files = (
				2FC2EC3020F96DC500A446DC /* birds.mp3 in Resources */,
				2FD968F120F55DAF00379407 /* LaunchScreen.storyboard in Resources */,
				2FC2EC2D20F96DC500A446DC /* car-alarm.mp3 in Resources */,
				2FC2EC3220F96DC500A446DC /* goat.mp3 in Resources */,
				2FC2EC3620F96DC500A446DC /* alarm-clock.mp3 in Resources */,
				2FC2EC3120F96DC500A446DC /* wtf.mp3 in Resources */,
				2FC2EC3720F96DC500A446DC /* ebs.mp3 in Resources */,
				2FC2EC3820F96DC500A446DC /* dialup.mp3 in Resources */,
				2FC2EC3520F96DC500A446DC /* siren.mp3 in Resources */,
				2FC2EC2F20F96DC500A446DC /* fork-glass.mp3 in Resources */,
				2FC2EC3320F96DC500A446DC /* nails-chalkboard.mp3 in Resources */,
				2FC2EC3420F96DC500A446DC /* dog-bark.mp3 in Resources */,
				2FC2EC2E20F96DC500A446DC /* baby-cry.mp3 in Resources */,
				2FD968EE20F55DAF00379407 /* Assets.xcassets in Resources */,
				2FD968EC20F55DAD00379407 /* Main.storyboard in Resources */,
			);
			runOnlyForDeploymentPostprocessing = 0;
		};
/* End PBXResourcesBuildPhase section */

/* Begin PBXSourcesBuildPhase section */
		2FD968DF20F55DAD00379407 /* Sources */ = {
			isa = PBXSourcesBuildPhase;
			buildActionMask = 2147483647;
			files = (
				2FD968E920F55DAD00379407 /* ViewController.swift in Sources */,
				2FC2EC4020FBB26D00A446DC /* SwiftySound.swift in Sources */,
				2FC2EC1820F83DDF00A446DC /* ExtrasViewController.swift in Sources */,
				2FC2EC3A20FACDB900A446DC /* LaunchScreen.swift in Sources */,
				2FD968F920F6D00000379407 /* VoicesTableViewController.swift in Sources */,
				2FD968E720F55DAD00379407 /* AppDelegate.swift in Sources */,
				2FC2EC3E20FBA82E00A446DC /* AVTonePlayerUnit.swift in Sources */,
				2FC2EC1A20F9057100A446DC /* SoundsTableViewController.swift in Sources */,
				2FD9690A20F7DD0600379407 /* SettingsViewController.swift in Sources */,
				2FC2EC1C20F9219900A446DC /* SoundEffectCell.swift in Sources */,
				2FC2EC2020F9630D00A446DC /* SoundData.swift in Sources */,
				2FD9690820F7BDFD00379407 /* CrackedScreen.swift in Sources */,
				2FC2EC1E20F9258600A446DC /* SoundEffect.swift in Sources */,
				2FC2EC3C20FAED4500A446DC /* AboutTableViewController.swift in Sources */,
			);
			runOnlyForDeploymentPostprocessing = 0;
		};
/* End PBXSourcesBuildPhase section */

/* Begin PBXVariantGroup section */
		2FD968EA20F55DAD00379407 /* Main.storyboard */ = {
			isa = PBXVariantGroup;
			children = (
				2FD968EB20F55DAD00379407 /* Base */,
			);
			name = Main.storyboard;
			sourceTree = "<group>";
		};
		2FD968EF20F55DAF00379407 /* LaunchScreen.storyboard */ = {
			isa = PBXVariantGroup;
			children = (
				2FD968F020F55DAF00379407 /* Base */,
			);
			name = LaunchScreen.storyboard;
			sourceTree = "<group>";
		};
/* End PBXVariantGroup section */

/* Begin XCBuildConfiguration section */
		2FD968F320F55DAF00379407 /* Debug */ = {
			isa = XCBuildConfiguration;
			buildSettings = {
				ALWAYS_SEARCH_USER_PATHS = NO;
				CLANG_ANALYZER_NONNULL = YES;
				CLANG_ANALYZER_NUMBER_OBJECT_CONVERSION = YES_AGGRESSIVE;
				CLANG_CXX_LANGUAGE_STANDARD = "gnu++14";
				CLANG_CXX_LIBRARY = "libc++";
				CLANG_ENABLE_MODULES = YES;
				CLANG_ENABLE_OBJC_ARC = YES;
				CLANG_ENABLE_OBJC_WEAK = YES;
				CLANG_WARN_BLOCK_CAPTURE_AUTORELEASING = YES;
				CLANG_WARN_BOOL_CONVERSION = YES;
				CLANG_WARN_COMMA = YES;
				CLANG_WARN_CONSTANT_CONVERSION = YES;
				CLANG_WARN_DEPRECATED_OBJC_IMPLEMENTATIONS = YES;
				CLANG_WARN_DIRECT_OBJC_ISA_USAGE = YES_ERROR;
				CLANG_WARN_DOCUMENTATION_COMMENTS = YES;
				CLANG_WARN_EMPTY_BODY = YES;
				CLANG_WARN_ENUM_CONVERSION = YES;
				CLANG_WARN_INFINITE_RECURSION = YES;
				CLANG_WARN_INT_CONVERSION = YES;
				CLANG_WARN_NON_LITERAL_NULL_CONVERSION = YES;
				CLANG_WARN_OBJC_IMPLICIT_RETAIN_SELF = YES;
				CLANG_WARN_OBJC_LITERAL_CONVERSION = YES;
				CLANG_WARN_OBJC_ROOT_CLASS = YES_ERROR;
				CLANG_WARN_RANGE_LOOP_ANALYSIS = YES;
				CLANG_WARN_STRICT_PROTOTYPES = YES;
				CLANG_WARN_SUSPICIOUS_MOVE = YES;
				CLANG_WARN_UNGUARDED_AVAILABILITY = YES_AGGRESSIVE;
				CLANG_WARN_UNREACHABLE_CODE = YES;
				CLANG_WARN__DUPLICATE_METHOD_MATCH = YES;
				CODE_SIGN_IDENTITY = "iPhone Developer";
				COPY_PHASE_STRIP = NO;
				DEBUG_INFORMATION_FORMAT = dwarf;
				ENABLE_STRICT_OBJC_MSGSEND = YES;
				ENABLE_TESTABILITY = YES;
				GCC_C_LANGUAGE_STANDARD = gnu11;
				GCC_DYNAMIC_NO_PIC = NO;
				GCC_NO_COMMON_BLOCKS = YES;
				GCC_OPTIMIZATION_LEVEL = 0;
				GCC_PREPROCESSOR_DEFINITIONS = (
					"DEBUG=1",
					"$(inherited)",
				);
				GCC_WARN_64_TO_32_BIT_CONVERSION = YES;
				GCC_WARN_ABOUT_RETURN_TYPE = YES_ERROR;
				GCC_WARN_UNDECLARED_SELECTOR = YES;
				GCC_WARN_UNINITIALIZED_AUTOS = YES_AGGRESSIVE;
				GCC_WARN_UNUSED_FUNCTION = YES;
				GCC_WARN_UNUSED_VARIABLE = YES;
				IPHONEOS_DEPLOYMENT_TARGET = 11.4;
				MTL_ENABLE_DEBUG_INFO = YES;
				ONLY_ACTIVE_ARCH = YES;
				SDKROOT = iphoneos;
				SWIFT_ACTIVE_COMPILATION_CONDITIONS = DEBUG;
				SWIFT_OPTIMIZATION_LEVEL = "-Onone";
			};
			name = Debug;
		};
		2FD968F420F55DAF00379407 /* Release */ = {
			isa = XCBuildConfiguration;
			buildSettings = {
				ALWAYS_SEARCH_USER_PATHS = NO;
				CLANG_ANALYZER_NONNULL = YES;
				CLANG_ANALYZER_NUMBER_OBJECT_CONVERSION = YES_AGGRESSIVE;
				CLANG_CXX_LANGUAGE_STANDARD = "gnu++14";
				CLANG_CXX_LIBRARY = "libc++";
				CLANG_ENABLE_MODULES = YES;
				CLANG_ENABLE_OBJC_ARC = YES;
				CLANG_ENABLE_OBJC_WEAK = YES;
				CLANG_WARN_BLOCK_CAPTURE_AUTORELEASING = YES;
				CLANG_WARN_BOOL_CONVERSION = YES;
				CLANG_WARN_COMMA = YES;
				CLANG_WARN_CONSTANT_CONVERSION = YES;
				CLANG_WARN_DEPRECATED_OBJC_IMPLEMENTATIONS = YES;
				CLANG_WARN_DIRECT_OBJC_ISA_USAGE = YES_ERROR;
				CLANG_WARN_DOCUMENTATION_COMMENTS = YES;
				CLANG_WARN_EMPTY_BODY = YES;
				CLANG_WARN_ENUM_CONVERSION = YES;
				CLANG_WARN_INFINITE_RECURSION = YES;
				CLANG_WARN_INT_CONVERSION = YES;
				CLANG_WARN_NON_LITERAL_NULL_CONVERSION = YES;
				CLANG_WARN_OBJC_IMPLICIT_RETAIN_SELF = YES;
				CLANG_WARN_OBJC_LITERAL_CONVERSION = YES;
				CLANG_WARN_OBJC_ROOT_CLASS = YES_ERROR;
				CLANG_WARN_RANGE_LOOP_ANALYSIS = YES;
				CLANG_WARN_STRICT_PROTOTYPES = YES;
				CLANG_WARN_SUSPICIOUS_MOVE = YES;
				CLANG_WARN_UNGUARDED_AVAILABILITY = YES_AGGRESSIVE;
				CLANG_WARN_UNREACHABLE_CODE = YES;
				CLANG_WARN__DUPLICATE_METHOD_MATCH = YES;
				CODE_SIGN_IDENTITY = "iPhone Developer";
				COPY_PHASE_STRIP = NO;
				DEBUG_INFORMATION_FORMAT = "dwarf-with-dsym";
				ENABLE_NS_ASSERTIONS = NO;
				ENABLE_STRICT_OBJC_MSGSEND = YES;
				GCC_C_LANGUAGE_STANDARD = gnu11;
				GCC_NO_COMMON_BLOCKS = YES;
				GCC_WARN_64_TO_32_BIT_CONVERSION = YES;
				GCC_WARN_ABOUT_RETURN_TYPE = YES_ERROR;
				GCC_WARN_UNDECLARED_SELECTOR = YES;
				GCC_WARN_UNINITIALIZED_AUTOS = YES_AGGRESSIVE;
				GCC_WARN_UNUSED_FUNCTION = YES;
				GCC_WARN_UNUSED_VARIABLE = YES;
				IPHONEOS_DEPLOYMENT_TARGET = 11.4;
				MTL_ENABLE_DEBUG_INFO = NO;
				SDKROOT = iphoneos;
				SWIFT_COMPILATION_MODE = wholemodule;
				SWIFT_OPTIMIZATION_LEVEL = "-O";
				VALIDATE_PRODUCT = YES;
			};
			name = Release;
		};
		2FD968F620F55DAF00379407 /* Debug */ = {
			isa = XCBuildConfiguration;
			buildSettings = {
				ASSETCATALOG_COMPILER_APPICON_NAME = AppIcon;
				CODE_SIGN_IDENTITY = "";
				CODE_SIGN_STYLE = Automatic;
				DEVELOPMENT_TEAM = J8D46U62W6;
				INFOPLIST_FILE = "Annoyer Mobile 2/Info.plist";
				IPHONEOS_DEPLOYMENT_TARGET = 11.0;
				LD_RUNPATH_SEARCH_PATHS = (
					"$(inherited)",
					"@executable_path/Frameworks",
				);
				PRODUCT_BUNDLE_IDENTIFIER = "com.tyler58546.Annoyer-Mobile-2";
				PRODUCT_NAME = "$(TARGET_NAME)";
				PROVISIONING_PROFILE_SPECIFIER = "";
				SWIFT_VERSION = 4.0;
				TARGETED_DEVICE_FAMILY = "1,2";
			};
			name = Debug;
		};
		2FD968F720F55DAF00379407 /* Release */ = {
			isa = XCBuildConfiguration;
			buildSettings = {
				ASSETCATALOG_COMPILER_APPICON_NAME = AppIcon;
				CODE_SIGN_IDENTITY = "";
				CODE_SIGN_STYLE = Automatic;
				DEVELOPMENT_TEAM = J8D46U62W6;
				INFOPLIST_FILE = "Annoyer Mobile 2/Info.plist";
				IPHONEOS_DEPLOYMENT_TARGET = 11.0;
				LD_RUNPATH_SEARCH_PATHS = (
					"$(inherited)",
					"@executable_path/Frameworks",
				);
				PRODUCT_BUNDLE_IDENTIFIER = "com.tyler58546.Annoyer-Mobile-2";
				PRODUCT_NAME = "$(TARGET_NAME)";
				PROVISIONING_PROFILE_SPECIFIER = "";
				SWIFT_VERSION = 4.0;
				TARGETED_DEVICE_FAMILY = "1,2";
			};
			name = Release;
		};
/* End XCBuildConfiguration section */

/* Begin XCConfigurationList section */
		2FD968DE20F55DAD00379407 /* Build configuration list for PBXProject "Annoyer Mobile 2" */ = {
			isa = XCConfigurationList;
			buildConfigurations = (
				2FD968F320F55DAF00379407 /* Debug */,
				2FD968F420F55DAF00379407 /* Release */,
			);
			defaultConfigurationIsVisible = 0;
			defaultConfigurationName = Release;
		};
		2FD968F520F55DAF00379407 /* Build configuration list for PBXNativeTarget "Annoyer Mobile 2" */ = {
			isa = XCConfigurationList;
			buildConfigurations = (
				2FD968F620F55DAF00379407 /* Debug */,
				2FD968F720F55DAF00379407 /* Release */,
			);
			defaultConfigurationIsVisible = 0;
			defaultConfigurationName = Release;
		};
/* End XCConfigurationList section */
	};
	rootObject = 2FD968DB20F55DAD00379407 /* Project object */;
}
